# THIS IS AN AUTOGENERATED FILE. DO NOT EDIT THIS FILE DIRECTLY.
# yarn lockfile v1


footballdata-api-v2@^2.3.0:
  version "2.3.0"
  resolved "https://registry.yarnpkg.com/footballdata-api-v2/-/footballdata-api-v2-2.3.0.tgz#1dd464d639076b57e4ec7e25c5ffbce917cd9d8e"
  integrity sha512-t+3GU3M3xGb5b3h0gk32MPioK/NKBdt2cSRQ62yz0+W8hzfycCykFLbJPsszWSOq+lX6fNl33BZol6mrH/AuNA==
  dependencies:
    node-fetch "^2.3.0"

node-fetch@^2.3.0:
  version "2.6.0"
  resolved "https://registry.yarnpkg.com/node-fetch/-/node-fetch-2.6.0.tgz#e633456386d4aa55863f676a7ab0daa8fdecb0fd"
  integrity sha512-8dG4H5ujfvFiqDmVu9fQ5bOHUC15JMjMY/Zumv26oOvvVJjM67KF8koCWIabKQ1GJIa9r2mMZscBq/TbdOcmNA==
